
Microsoft Visual Studio Solution File, Format Version 12.00
# Visual Studio Version 17
VisualStudioVersion = 17.10.34928.147
MinimumVisualStudioVersion = 10.0.40219.1
Project("{9A19103F-16F7-4668-BE54-9A1E7A4F7556}") = "BottinToCsvForm", "BottinToCsvForm\BottinToCsvForm.csproj", "{D1401B72-5547-41FD-B9D0-69AAC9614706}"
EndProject
Project("{54435603-DBB4-11D2-8724-00A0C9A8B90C}") = "setup", "setup\setup.vdproj", "{31771608-873F-41E5-A0F7-A44BE831F41E}"
EndProject
Global
	GlobalSection(SolutionConfigurationPlatforms) = preSolution
		Debug|Any CPU = Debug|Any CPU
		Release|Any CPU = Release|Any CPU
	EndGlobalSection
	GlobalSection(ProjectConfigurationPlatforms) = postSolution
		{D1401B72-5547-41FD-B9D0-69AAC9614706}.Debug|Any CPU.ActiveCfg = Debug|Any CPU
		{D1401B72-5547-41FD-B9D0-69AAC9614706}.Debug|Any CPU.Build.0 = Debug|Any CPU
		{D1401B72-5547-41FD-B9D0-69AAC9614706}.Release|Any CPU.ActiveCfg = Release|Any CPU
		{D1401B72-5547-41FD-B9D0-69AAC9614706}.Release|Any CPU.Build.0 = Release|Any CPU
		{31771608-873F-41E5-A0F7-A44BE831F41E}.Debug|Any CPU.ActiveCfg = Debug
		{31771608-873F-41E5-A0F7-A44BE831F41E}.Release|Any CPU.ActiveCfg = Release
	EndGlobalSection
	GlobalSection(SolutionProperties) = preSolution
		HideSolutionNode = FALSE
	EndGlobalSection
	GlobalSection(ExtensibilityGlobals) = postSolution
		SolutionGuid = {AE98C876-D90F-4CA8-9EC8-1872C025B3D0}
	EndGlobalSection
EndGlobal
