
Microsoft Visual Studio Solution File, Format Version 12.00
# Visual Studio Version 17
VisualStudioVersion = 17.10.35027.167
MinimumVisualStudioVersion = 10.0.40219.1
Project("{FAE04EC0-301F-11D3-BF4B-00C04F79EFBC}") = "CIrculaireToPdf", "CIrculaireToPdf\CIrculaireToPdf.csproj", "{08488506-E26F-433A-9158-46D277CC206A}"
EndProject
Global
	GlobalSection(SolutionConfigurationPlatforms) = preSolution
		Debug|Any CPU = Debug|Any CPU
		Release|Any CPU = Release|Any CPU
	EndGlobalSection
	GlobalSection(ProjectConfigurationPlatforms) = postSolution
		{08488506-E26F-433A-9158-46D277CC206A}.Debug|Any CPU.ActiveCfg = Debug|Any CPU
		{08488506-E26F-433A-9158-46D277CC206A}.Debug|Any CPU.Build.0 = Debug|Any CPU
		{08488506-E26F-433A-9158-46D277CC206A}.Release|Any CPU.ActiveCfg = Release|Any CPU
		{08488506-E26F-433A-9158-46D277CC206A}.Release|Any CPU.Build.0 = Release|Any CPU
	EndGlobalSection
	GlobalSection(SolutionProperties) = preSolution
		HideSolutionNode = FALSE
	EndGlobalSection
	GlobalSection(ExtensibilityGlobals) = postSolution
		SolutionGuid = {52C90171-AF5E-4AE0-8E1F-D48CE6E3997B}
	EndGlobalSection
EndGlobal
