
Microsoft Visual Studio Solution File, Format Version 12.00
# Visual Studio Version 17
VisualStudioVersion = 17.9.34728.123
MinimumVisualStudioVersion = 10.0.40219.1
Project("{FAE04EC0-301F-11D3-BF4B-00C04F79EFBC}") = "BottinToCSV", "BottinToCSV.csproj", "{71BBF55D-CAE0-4FC9-BA01-02ADFB5A8927}"
EndProject
Global
	GlobalSection(SolutionConfigurationPlatforms) = preSolution
		Debug|Any CPU = Debug|Any CPU
		Release|Any CPU = Release|Any CPU
	EndGlobalSection
	GlobalSection(ProjectConfigurationPlatforms) = postSolution
		{71BBF55D-CAE0-4FC9-BA01-02ADFB5A8927}.Debug|Any CPU.ActiveCfg = Debug|Any CPU
		{71BBF55D-CAE0-4FC9-BA01-02ADFB5A8927}.Debug|Any CPU.Build.0 = Debug|Any CPU
		{71BBF55D-CAE0-4FC9-BA01-02ADFB5A8927}.Release|Any CPU.ActiveCfg = Release|Any CPU
		{71BBF55D-CAE0-4FC9-BA01-02ADFB5A8927}.Release|Any CPU.Build.0 = Release|Any CPU
	EndGlobalSection
	GlobalSection(SolutionProperties) = preSolution
		HideSolutionNode = FALSE
	EndGlobalSection
	GlobalSection(ExtensibilityGlobals) = postSolution
		SolutionGuid = {66FC39CA-5C38-4229-91EC-26C6E2628B8F}
	EndGlobalSection
EndGlobal
